
Microsoft Visual Studio Solution File, Format Version 11.00
# Visual Studio 2010
Project("{8BC9CEB8-8B4A-11D0-8D11-00A0C91BC942}") = "bitplanes", "bitplanes.vcxproj", "{72C2CA20-6128-11E1-B86C-0800200C9A66}"
EndProject
Global
	GlobalSection(SolutionConfigurationPlatforms) = preSolution
		Debug|Win32 = Debug|Win32
		Release|Win32 = Release|Win32
	EndGlobalSection
	GlobalSection(ProjectConfigurationPlatforms) = postSolution
		{72C2CA20-6128-11E1-B86C-0800200C9A66}.Debug|Win32.ActiveCfg = Debug|Win32
		{72C2CA20-6128-11E1-B86C-0800200C9A66}.Debug|Win32.Build.0 = Debug|Win32
		{72C2CA20-6128-11E1-B86C-0800200C9A66}.Release|Win32.ActiveCfg = Release|Win32
		{72C2CA20-6128-11E1-B86C-0800200C9A66}.Release|Win32.Build.0 = Release|Win32
	EndGlobalSection
	GlobalSection(SolutionProperties) = preSolution
		HideSolutionNode = FALSE
	EndGlobalSection
EndGlobal
